dependencies:
- name: redis
  repository: https://charts.bitnami.com/bitnami
  version: 17.3.17
- name: mongodb
  repository: https://charts.bitnami.com/bitnami
  version: 13.8.1
digest: sha256:a68506992b26d15a7473fde9194cb59ed5e6eacbf9b587e6dc8cda67eb34cb73
generated: "2023-02-27T08:36:41.801769+01:00"
